
Microsoft Visual Studio Solution File, Format Version 12.00
# Visual Studio Version 16
VisualStudioVersion = 16.0.31205.134
MinimumVisualStudioVersion = 10.0.40219.1
Project("{FAE04EC0-301F-11D3-BF4B-00C04F79EFBC}") = "SE Custom Menus", "SE Custom Menus.csproj", "{D6E595CA-6204-4050-A369-A5BBA69DB3EF}"
EndProject
Global
	GlobalSection(SolutionConfigurationPlatforms) = preSolution
		Debug|Any CPU = Debug|Any CPU
		Release|Any CPU = Release|Any CPU
	EndGlobalSection
	GlobalSection(ProjectConfigurationPlatforms) = postSolution
		{D6E595CA-6204-4050-A369-A5BBA69DB3EF}.Debug|Any CPU.ActiveCfg = Debug|Any CPU
		{D6E595CA-6204-4050-A369-A5BBA69DB3EF}.Debug|Any CPU.Build.0 = Debug|Any CPU
		{D6E595CA-6204-4050-A369-A5BBA69DB3EF}.Release|Any CPU.ActiveCfg = Release|Any CPU
		{D6E595CA-6204-4050-A369-A5BBA69DB3EF}.Release|Any CPU.Build.0 = Release|Any CPU
	EndGlobalSection
	GlobalSection(SolutionProperties) = preSolution
		HideSolutionNode = FALSE
	EndGlobalSection
	GlobalSection(ExtensibilityGlobals) = postSolution
		SolutionGuid = {8F9FDD58-0F39-452E-9323-419AA7172FEA}
	EndGlobalSection
EndGlobal
